EXP279_V9_CROSS_SEAL_REPAIR_V1
source_run_id=34695665034
source_scientific_branch_head=411d01eca4cc71109886819d652ae7ca0b8c2e0c
source_executed_commit=e7d08b0540dea1e7e7dff68667f7ad65108c4221
source_60_artifact_id=10299085674
source_60_zip_sha256=8cc00c607315b1f34f97656f14edcc5d8fdcc6a92bf26240c90b3fdf0e9f1fed
source_60_receipt_sha256=c4be74d32c263fae0f792a7e652d2dc55a1498457c4e6c2cae7b5834b014cabf
source_120_artifact_id=10299080761
source_120_zip_sha256=0ac9b76ee78c97c68eec8f90208490162c67dc880d0f13bf166531e32ee553e4
source_120_receipt_sha256=2e28e19d2e0def8710cf687b8a56fd78718e784c2384b26601f4e4afbb0dddd8
observed_unsealed_cross_digest=00e877ec45ea0efa7b5eeeba953885354a61cd16b2d813a6cc25b12f7c7881a7
expected_decision=QUARTET_MECHANISM_COURT_FAILED
expected_authorization_scope=NONE
protocol_digest=c010d90b9d626cfde4f7727b76fcd053f1ebf7f2f7aa201d7d13d2d828cef440
