EXP290_STRUCTURAL_CLAUSE_TRANSFER_RELEASE_V1
canonical_indices=0,1,2,3
train_replicates=64
eval_replicates=32
eval_start_replicate=40000
batch_size=8
d_model=64
hidden_size=48
target_parameters=500000
timesteps=4
variables=8
decoys=3
restarts=4
max_search_steps=24
noise_std=0.05
lr=0.002
weight_decay=0.0
capture_threshold=0.5
valid_state_overprune_rate_ceiling=0.005
verified_solution_rate_floor_delta=-0.01
root_prefix=20260913-exp290-structural-clause-transfer-v1-dev
protocol_digest=c010d90b9d626cfde4f7727b76fcd053f1ebf7f2f7aa201d7d13d2d828cef440
geometry_digest=bffb1f01d54a6867f3af6acd0c2339a83add69f6df4bc6fd8d5504aa9eb4d67a
authority_scope=DEVELOPMENT_EV_E2_ONLY
pre_marker_head=2492f079dc842fe846087d73cc5d8c5dbcca502d
