EXP279_V10_CRIC_RELEASE_V1
train_budgets=60,120
canonical_indices=0,1,2,3
fit_roots_per_canonical=2
heldout_roots_per_canonical=2
fit_replicates_per_root=128
heldout_replicates_per_root=128
views=V9_MEAN_BASELINE,FULL_PREBRANCH_STATE,EXECUTION_FRONTIER_STATE
nearest_neighbor=k1_exact_squared_euclidean_fit_zscore
query_chunk_size=256
root_prefix=20260912-exp279-v10-cric-dev
protocol_digest=c010d90b9d626cfde4f7727b76fcd053f1ebf7f2f7aa201d7d13d2d828cef440
