EXP298_CROSS_DOMAIN_FIDELITY_RELEASE_V1
canonical_indices=0,1,2,3
eval_replicates=32
eval_start_replicate=50000
candidates_per_replicate=16
d_model=64
hidden_size=64
target_parameters=500000
max_exact_probes=4096
balanced_accuracy_gain_mesi=0.1
wrong_authority_ceiling=0.05
faithful_rejection_ceiling=0.1
root_seed_prefix=20260913-exp298-cross-domain-fidelity-v1-dev
protocol_digest=c010d90b9d626cfde4f7727b76fcd053f1ebf7f2f7aa201d7d13d2d828cef440
geometry_digest=4ba5a9a569e006d03d4bdf9a596797418c5852f555a8e0ed08314dda43dedc61
authority_scope=DEVELOPMENT_EV_E2_ONLY
source_tree_digest=4139f764f037439a375864fb1fe85897663e7b1836bee7e75fc1fe549931749b
pre_marker_head=68e1205fd56e5b1acb8f02cea56fc9af1a881734
