EXP299_NATIVE_FIDELITY_RELEASE_V1
canonical_indices=0,1,2,3
fit_replicates=96
fit_start_replicate=0
eval_replicates=32
eval_start_replicate=10000
candidates_per_replicate=16
d_model=64
hidden_size=64
target_parameters=500000
batch_size=32
learning_rate=0.0003
weight_decay=0.0001
gradient_clip_norm=1.0
fit_passes=1
control_auxiliary_loss_weight=0.0
teacher_auxiliary_loss_weight=0.25
authority_threshold=0.5
max_exact_probes=4096
native_ba_floor=0.7
native_gain_mesi=0.1
wrong_authority_ceiling=0.05
faithful_rejection_ceiling=0.1
root_seed_prefix=20260913-exp299-native-fidelity-v1-dev
protocol_digest=c010d90b9d626cfde4f7727b76fcd053f1ebf7f2f7aa201d7d13d2d828cef440
geometry_digest=7210e64dca010c6c1c8ab2cf20c7f03f7d7f263a88f9c8ae162d43151bb9932e
structural_encoder_contract_digest=843069e7081309842f8e594f1ab8833f3ad23b2b3d49c975351268e10f157a23
authority_scope=DEVELOPMENT_EV_E2_ONLY
source_tree_digest=422d0c43ee1cf3d3384c0b2c59cee7ade594ce9477946880ea57e2b89c11b4c8
pre_marker_head=564aa26b9e4dc0c9189aaa824dc9999c824c92f1
